// !$*UTF8*$!
{
	archiveVersion = 1;
	classes = {
	};
	objectVersion = 46;
	objects = {

/* Begin PBXBuildFile section */
		5833D2631BFAEAAC0015ACA3 /* ListTableViewController.swift in Sources */ = {isa = PBXBuildFile; fileRef = 5833D2621BFAEAAC0015ACA3 /* ListTableViewController.swift */; };
		584BD9091BEA4A1000BCE662 /* AppDelegate.swift in Sources */ = {isa = PBXBuildFile; fileRef = 584BD9081BEA4A1000BCE662 /* AppDelegate.swift */; };
		584BD90E1BEA4A1000BCE662 /* Main.storyboard in Resources */ = {isa = PBXBuildFile; fileRef = 584BD90C1BEA4A1000BCE662 /* Main.storyboard */; };
		584BD9101BEA4A1000BCE662 /* Images.xcassets in Resources */ = {isa = PBXBuildFile; fileRef = 584BD90F1BEA4A1000BCE662 /* Images.xcassets */; };
		584BD9131BEA4A1000BCE662 /* LaunchScreen.xib in Resources */ = {isa = PBXBuildFile; fileRef = 584BD9111BEA4A1000BCE662 /* LaunchScreen.xib */; };
		584BD91F1BEA4A1000BCE662 /* HwQATests.swift in Sources */ = {isa = PBXBuildFile; fileRef = 584BD91E1BEA4A1000BCE662 /* HwQATests.swift */; };
		584BD9291BEA4E7800BCE662 /* Regis.swift in Sources */ = {isa = PBXBuildFile; fileRef = 584BD9281BEA4E7800BCE662 /* Regis.swift */; };
		5868E3BE1BFB77FB008A2A7E /* List2TableViewController.swift in Sources */ = {isa = PBXBuildFile; fileRef = 5868E3BD1BFB77FB008A2A7E /* List2TableViewController.swift */; };
		5868E3C01BFB78F0008A2A7E /* DetailView2.swift in Sources */ = {isa = PBXBuildFile; fileRef = 5868E3BF1BFB78F0008A2A7E /* DetailView2.swift */; };
		5894E4D11BECA27F0009E3D0 /* Login.swift in Sources */ = {isa = PBXBuildFile; fileRef = 5894E4D01BECA27F0009E3D0 /* Login.swift */; };
		58C43A851BF3245300AE250E /* HomeAsk.swift in Sources */ = {isa = PBXBuildFile; fileRef = 58C43A841BF3245300AE250E /* HomeAsk.swift */; };
		58D6D4D51BF8947800D7F16A /* HomeResult.swift in Sources */ = {isa = PBXBuildFile; fileRef = 58D6D4D41BF8947800D7F16A /* HomeResult.swift */; };
		58D6D4D71BF89CFE00D7F16A /* detailView.swift in Sources */ = {isa = PBXBuildFile; fileRef = 58D6D4D61BF89CFE00D7F16A /* detailView.swift */; };
/* End PBXBuildFile section */

/* Begin PBXContainerItemProxy section */
		584BD9191BEA4A1000BCE662 /* PBXContainerItemProxy */ = {
			isa = PBXContainerItemProxy;
			containerPortal = 584BD8FB1BEA4A1000BCE662 /* Project object */;
			proxyType = 1;
			remoteGlobalIDString = 584BD9021BEA4A1000BCE662;
			remoteInfo = HwQA;
		};
/* End PBXContainerItemProxy section */

/* Begin PBXFileReference section */
		5833D2621BFAEAAC0015ACA3 /* ListTableViewController.swift */ = {isa = PBXFileReference; fileEncoding = 4; lastKnownFileType = sourcecode.swift; path = ListTableViewController.swift; sourceTree = "<group>"; };
		584BD9031BEA4A1000BCE662 /* HwQA.app */ = {isa = PBXFileReference; explicitFileType = wrapper.application; includeInIndex = 0; path = HwQA.app; sourceTree = BUILT_PRODUCTS_DIR; };
		584BD9071BEA4A1000BCE662 /* Info.plist */ = {isa = PBXFileReference; lastKnownFileType = text.plist.xml; path = Info.plist; sourceTree = "<group>"; };
		584BD9081BEA4A1000BCE662 /* AppDelegate.swift */ = {isa = PBXFileReference; lastKnownFileType = sourcecode.swift; name = AppDelegate.swift; path = HwQA/AppDelegate.swift; sourceTree = "<group>"; };
		584BD90D1BEA4A1000BCE662 /* Base */ = {isa = PBXFileReference; lastKnownFileType = file.storyboard; name = Base; path = Base.lproj/Main.storyboard; sourceTree = "<group>"; };
		584BD90F1BEA4A1000BCE662 /* Images.xcassets */ = {isa = PBXFileReference; lastKnownFileType = folder.assetcatalog; path = Images.xcassets; sourceTree = "<group>"; };
		584BD9121BEA4A1000BCE662 /* Base */ = {isa = PBXFileReference; lastKnownFileType = file.xib; name = Base; path = Base.lproj/LaunchScreen.xib; sourceTree = "<group>"; };
		584BD9181BEA4A1000BCE662 /* HwQATests.xctest */ = {isa = PBXFileReference; explicitFileType = wrapper.cfbundle; includeInIndex = 0; path = HwQATests.xctest; sourceTree = BUILT_PRODUCTS_DIR; };
		584BD91D1BEA4A1000BCE662 /* Info.plist */ = {isa = PBXFileReference; lastKnownFileType = text.plist.xml; path = Info.plist; sourceTree = "<group>"; };
		584BD91E1BEA4A1000BCE662 /* HwQATests.swift */ = {isa = PBXFileReference; lastKnownFileType = sourcecode.swift; path = HwQATests.swift; sourceTree = "<group>"; };
		584BD9281BEA4E7800BCE662 /* Regis.swift */ = {isa = PBXFileReference; fileEncoding = 4; lastKnownFileType = sourcecode.swift; path = Regis.swift; sourceTree = "<group>"; };
		5868E3BD1BFB77FB008A2A7E /* List2TableViewController.swift */ = {isa = PBXFileReference; fileEncoding = 4; lastKnownFileType = sourcecode.swift; path = List2TableViewController.swift; sourceTree = "<group>"; };
		5868E3BF1BFB78F0008A2A7E /* DetailView2.swift */ = {isa = PBXFileReference; fileEncoding = 4; lastKnownFileType = sourcecode.swift; path = DetailView2.swift; sourceTree = "<group>"; };
		5894E4D01BECA27F0009E3D0 /* Login.swift */ = {isa = PBXFileReference; fileEncoding = 4; lastKnownFileType = sourcecode.swift; path = Login.swift; sourceTree = "<group>"; };
		58C43A841BF3245300AE250E /* HomeAsk.swift */ = {isa = PBXFileReference; fileEncoding = 4; lastKnownFileType = sourcecode.swift; path = HomeAsk.swift; sourceTree = "<group>"; };
		58D6D4D41BF8947800D7F16A /* HomeResult.swift */ = {isa = PBXFileReference; fileEncoding = 4; lastKnownFileType = sourcecode.swift; path = HomeResult.swift; sourceTree = "<group>"; };
		58D6D4D61BF89CFE00D7F16A /* detailView.swift */ = {isa = PBXFileReference; fileEncoding = 4; lastKnownFileType = sourcecode.swift; path = detailView.swift; sourceTree = "<group>"; };
/* End PBXFileReference section */

/* Begin PBXFrameworksBuildPhase section */
		584BD9001BEA4A1000BCE662 /* Frameworks */ = {
			isa = PBXFrameworksBuildPhase;
			buildActionMask = 2147483647;
			files = (
			);
			runOnlyForDeploymentPostprocessing = 0;
		};
		584BD9151BEA4A1000BCE662 /* Frameworks */ = {
			isa = PBXFrameworksBuildPhase;
			buildActionMask = 2147483647;
			files = (
			);
			runOnlyForDeploymentPostprocessing = 0;
		};
/* End PBXFrameworksBuildPhase section */

/* Begin PBXGroup section */
		584BD8FA1BEA4A1000BCE662 = {
			isa = PBXGroup;
			children = (
				584BD90C1BEA4A1000BCE662 /* Main.storyboard */,
				584BD9111BEA4A1000BCE662 /* LaunchScreen.xib */,
				584BD9081BEA4A1000BCE662 /* AppDelegate.swift */,
				584BD9051BEA4A1000BCE662 /* HwQA */,
				584BD91B1BEA4A1000BCE662 /* HwQATests */,
				584BD9061BEA4A1000BCE662 /* Supporting Files */,
				584BD9041BEA4A1000BCE662 /* Products */,
			);
			sourceTree = "<group>";
		};
		584BD9041BEA4A1000BCE662 /* Products */ = {
			isa = PBXGroup;
			children = (
				584BD9031BEA4A1000BCE662 /* HwQA.app */,
				584BD9181BEA4A1000BCE662 /* HwQATests.xctest */,
			);
			name = Products;
			sourceTree = "<group>";
		};
		584BD9051BEA4A1000BCE662 /* HwQA */ = {
			isa = PBXGroup;
			children = (
				58D6D4D41BF8947800D7F16A /* HomeResult.swift */,
				584BD9281BEA4E7800BCE662 /* Regis.swift */,
				5894E4D01BECA27F0009E3D0 /* Login.swift */,
				58C43A841BF3245300AE250E /* HomeAsk.swift */,
				58D6D4D61BF89CFE00D7F16A /* detailView.swift */,
				5833D2621BFAEAAC0015ACA3 /* ListTableViewController.swift */,
				5868E3BD1BFB77FB008A2A7E /* List2TableViewController.swift */,
				5868E3BF1BFB78F0008A2A7E /* DetailView2.swift */,
			);
			path = HwQA;
			sourceTree = "<group>";
		};
		584BD9061BEA4A1000BCE662 /* Supporting Files */ = {
			isa = PBXGroup;
			children = (
				584BD90F1BEA4A1000BCE662 /* Images.xcassets */,
				584BD9071BEA4A1000BCE662 /* Info.plist */,
			);
			name = "Supporting Files";
			path = HwQA;
			sourceTree = "<group>";
		};
		584BD91B1BEA4A1000BCE662 /* HwQATests */ = {
			isa = PBXGroup;
			children = (
				584BD91E1BEA4A1000BCE662 /* HwQATests.swift */,
				584BD91C1BEA4A1000BCE662 /* Supporting Files */,
			);
			path = HwQATests;
			sourceTree = "<group>";
		};
		584BD91C1BEA4A1000BCE662 /* Supporting Files */ = {
			isa = PBXGroup;
			children = (
				584BD91D1BEA4A1000BCE662 /* Info.plist */,
			);
			name = "Supporting Files";
			sourceTree = "<group>";
		};
/* End PBXGroup section */

/* Begin PBXNativeTarget section */
		584BD9021BEA4A1000BCE662 /* HwQA */ = {
			isa = PBXNativeTarget;
			buildConfigurationList = 584BD9221BEA4A1000BCE662 /* Build configuration list for PBXNativeTarget "HwQA" */;
			buildPhases = (
				584BD8FF1BEA4A1000BCE662 /* Sources */,
				584BD9001BEA4A1000BCE662 /* Frameworks */,
				584BD9011BEA4A1000BCE662 /* Resources */,
			);
			buildRules = (
			);
			dependencies = (
			);
			name = HwQA;
			productName = HwQA;
			productReference = 584BD9031BEA4A1000BCE662 /* HwQA.app */;
			productType = "com.apple.product-type.application";
		};
		584BD9171BEA4A1000BCE662 /* HwQATests */ = {
			isa = PBXNativeTarget;
			buildConfigurationList = 584BD9251BEA4A1000BCE662 /* Build configuration list for PBXNativeTarget "HwQATests" */;
			buildPhases = (
				584BD9141BEA4A1000BCE662 /* Sources */,
				584BD9151BEA4A1000BCE662 /* Frameworks */,
				584BD9161BEA4A1000BCE662 /* Resources */,
			);
			buildRules = (
			);
			dependencies = (
				584BD91A1BEA4A1000BCE662 /* PBXTargetDependency */,
			);
			name = HwQATests;
			productName = HwQATests;
			productReference = 584BD9181BEA4A1000BCE662 /* HwQATests.xctest */;
			productType = "com.apple.product-type.bundle.unit-test";
		};
/* End PBXNativeTarget section */

/* Begin PBXProject section */
		584BD8FB1BEA4A1000BCE662 /* Project object */ = {
			isa = PBXProject;
			attributes = {
				LastUpgradeCheck = 0640;
				ORGANIZATIONNAME = "Wongsaphat Praisri";
				TargetAttributes = {
					584BD9021BEA4A1000BCE662 = {
						CreatedOnToolsVersion = 6.4;
					};
					584BD9171BEA4A1000BCE662 = {
						CreatedOnToolsVersion = 6.4;
						TestTargetID = 584BD9021BEA4A1000BCE662;
					};
				};
			};
			buildConfigurationList = 584BD8FE1BEA4A1000BCE662 /* Build configuration list for PBXProject "HwQA" */;
			compatibilityVersion = "Xcode 3.2";
			developmentRegion = English;
			hasScannedForEncodings = 0;
			knownRegions = (
				en,
				Base,
			);
			mainGroup = 584BD8FA1BEA4A1000BCE662;
			productRefGroup = 584BD9041BEA4A1000BCE662 /* Products */;
			projectDirPath = "";
			projectRoot = "";
			targets = (
				584BD9021BEA4A1000BCE662 /* HwQA */,
				584BD9171BEA4A1000BCE662 /* HwQATests */,
			);
		};
/* End PBXProject section */

/* Begin PBXResourcesBuildPhase section */
		584BD9011BEA4A1000BCE662 /* Resources */ = {
			isa = PBXResourcesBuildPhase;
			buildActionMask = 2147483647;
			files = (
				584BD90E1BEA4A1000BCE662 /* Main.storyboard in Resources */,
				584BD9131BEA4A1000BCE662 /* LaunchScreen.xib in Resources */,
				584BD9101BEA4A1000BCE662 /* Images.xcassets in Resources */,
			);
			runOnlyForDeploymentPostprocessing = 0;
		};
		584BD9161BEA4A1000BCE662 /* Resources */ = {
			isa = PBXResourcesBuildPhase;
			buildActionMask = 2147483647;
			files = (
			);
			runOnlyForDeploymentPostprocessing = 0;
		};
/* End PBXResourcesBuildPhase section */

/* Begin PBXSourcesBuildPhase section */
		584BD8FF1BEA4A1000BCE662 /* Sources */ = {
			isa = PBXSourcesBuildPhase;
			buildActionMask = 2147483647;
			files = (
				58C43A851BF3245300AE250E /* HomeAsk.swift in Sources */,
				5894E4D11BECA27F0009E3D0 /* Login.swift in Sources */,
				5868E3C01BFB78F0008A2A7E /* DetailView2.swift in Sources */,
				584BD9291BEA4E7800BCE662 /* Regis.swift in Sources */,
				58D6D4D71BF89CFE00D7F16A /* detailView.swift in Sources */,
				58D6D4D51BF8947800D7F16A /* HomeResult.swift in Sources */,
				584BD9091BEA4A1000BCE662 /* AppDelegate.swift in Sources */,
				5868E3BE1BFB77FB008A2A7E /* List2TableViewController.swift in Sources */,
				5833D2631BFAEAAC0015ACA3 /* ListTableViewController.swift in Sources */,
			);
			runOnlyForDeploymentPostprocessing = 0;
		};
		584BD9141BEA4A1000BCE662 /* Sources */ = {
			isa = PBXSourcesBuildPhase;
			buildActionMask = 2147483647;
			files = (
				584BD91F1BEA4A1000BCE662 /* HwQATests.swift in Sources */,
			);
			runOnlyForDeploymentPostprocessing = 0;
		};
/* End PBXSourcesBuildPhase section */

/* Begin PBXTargetDependency section */
		584BD91A1BEA4A1000BCE662 /* PBXTargetDependency */ = {
			isa = PBXTargetDependency;
			target = 584BD9021BEA4A1000BCE662 /* HwQA */;
			targetProxy = 584BD9191BEA4A1000BCE662 /* PBXContainerItemProxy */;
		};
/* End PBXTargetDependency section */

/* Begin PBXVariantGroup section */
		584BD90C1BEA4A1000BCE662 /* Main.storyboard */ = {
			isa = PBXVariantGroup;
			children = (
				584BD90D1BEA4A1000BCE662 /* Base */,
			);
			name = Main.storyboard;
			path = HwQA;
			sourceTree = "<group>";
		};
		584BD9111BEA4A1000BCE662 /* LaunchScreen.xib */ = {
			isa = PBXVariantGroup;
			children = (
				584BD9121BEA4A1000BCE662 /* Base */,
			);
			name = LaunchScreen.xib;
			path = HwQA;
			sourceTree = "<group>";
		};
/* End PBXVariantGroup section */

/* Begin XCBuildConfiguration section */
		584BD9201BEA4A1000BCE662 /* Debug */ = {
			isa = XCBuildConfiguration;
			buildSettings = {
				ALWAYS_SEARCH_USER_PATHS = NO;
				CLANG_CXX_LANGUAGE_STANDARD = "gnu++0x";
				CLANG_CXX_LIBRARY = "libc++";
				CLANG_ENABLE_MODULES = YES;
				CLANG_ENABLE_OBJC_ARC = YES;
				CLANG_WARN_BOOL_CONVERSION = YES;
				CLANG_WARN_CONSTANT_CONVERSION = YES;
				CLANG_WARN_DIRECT_OBJC_ISA_USAGE = YES_ERROR;
				CLANG_WARN_EMPTY_BODY = YES;
				CLANG_WARN_ENUM_CONVERSION = YES;
				CLANG_WARN_INT_CONVERSION = YES;
				CLANG_WARN_OBJC_ROOT_CLASS = YES_ERROR;
				CLANG_WARN_UNREACHABLE_CODE = YES;
				CLANG_WARN__DUPLICATE_METHOD_MATCH = YES;
				"CODE_SIGN_IDENTITY[sdk=iphoneos*]" = "iPhone Developer";
				COPY_PHASE_STRIP = NO;
				DEBUG_INFORMATION_FORMAT = "dwarf-with-dsym";
				ENABLE_STRICT_OBJC_MSGSEND = YES;
				GCC_C_LANGUAGE_STANDARD = gnu99;
				GCC_DYNAMIC_NO_PIC = NO;
				GCC_NO_COMMON_BLOCKS = YES;
				GCC_OPTIMIZATION_LEVEL = 0;
				GCC_PREPROCESSOR_DEFINITIONS = (
					"DEBUG=1",
					"$(inherited)",
				);
				GCC_SYMBOLS_PRIVATE_EXTERN = NO;
				GCC_WARN_64_TO_32_BIT_CONVERSION = YES;
				GCC_WARN_ABOUT_RETURN_TYPE = YES_ERROR;
				GCC_WARN_UNDECLARED_SELECTOR = YES;
				GCC_WARN_UNINITIALIZED_AUTOS = YES_AGGRESSIVE;
				GCC_WARN_UNUSED_FUNCTION = YES;
				GCC_WARN_UNUSED_VARIABLE = YES;
				IPHONEOS_DEPLOYMENT_TARGET = 8.4;
				MTL_ENABLE_DEBUG_INFO = YES;
				ONLY_ACTIVE_ARCH = YES;
				SDKROOT = iphoneos;
				SWIFT_OPTIMIZATION_LEVEL = "-Onone";
			};
			name = Debug;
		};
		584BD9211BEA4A1000BCE662 /* Release */ = {
			isa = XCBuildConfiguration;
			buildSettings = {
				ALWAYS_SEARCH_USER_PATHS = NO;
				CLANG_CXX_LANGUAGE_STANDARD = "gnu++0x";
				CLANG_CXX_LIBRARY = "libc++";
				CLANG_ENABLE_MODULES = YES;
				CLANG_ENABLE_OBJC_ARC = YES;
				CLANG_WARN_BOOL_CONVERSION = YES;
				CLANG_WARN_CONSTANT_CONVERSION = YES;
				CLANG_WARN_DIRECT_OBJC_ISA_USAGE = YES_ERROR;
				CLANG_WARN_EMPTY_BODY = YES;
				CLANG_WARN_ENUM_CONVERSION = YES;
				CLANG_WARN_INT_CONVERSION = YES;
				CLANG_WARN_OBJC_ROOT_CLASS = YES_ERROR;
				CLANG_WARN_UNREACHABLE_CODE = YES;
				CLANG_WARN__DUPLICATE_METHOD_MATCH = YES;
				"CODE_SIGN_IDENTITY[sdk=iphoneos*]" = "iPhone Developer";
				COPY_PHASE_STRIP = NO;
				DEBUG_INFORMATION_FORMAT = "dwarf-with-dsym";
				ENABLE_NS_ASSERTIONS = NO;
				ENABLE_STRICT_OBJC_MSGSEND = YES;
				GCC_C_LANGUAGE_STANDARD = gnu99;
				GCC_NO_COMMON_BLOCKS = YES;
				GCC_WARN_64_TO_32_BIT_CONVERSION = YES;
				GCC_WARN_ABOUT_RETURN_TYPE = YES_ERROR;
				GCC_WARN_UNDECLARED_SELECTOR = YES;
				GCC_WARN_UNINITIALIZED_AUTOS = YES_AGGRESSIVE;
				GCC_WARN_UNUSED_FUNCTION = YES;
				GCC_WARN_UNUSED_VARIABLE = YES;
				IPHONEOS_DEPLOYMENT_TARGET = 8.4;
				MTL_ENABLE_DEBUG_INFO = NO;
				SDKROOT = iphoneos;
				VALIDATE_PRODUCT = YES;
			};
			name = Release;
		};
		584BD9231BEA4A1000BCE662 /* Debug */ = {
			isa = XCBuildConfiguration;
			buildSettings = {
				ASSETCATALOG_COMPILER_APPICON_NAME = AppIcon;
				INFOPLIST_FILE = HwQA/Info.plist;
				LD_RUNPATH_SEARCH_PATHS = "$(inherited) @executable_path/Frameworks";
				PRODUCT_NAME = "$(TARGET_NAME)";
			};
			name = Debug;
		};
		584BD9241BEA4A1000BCE662 /* Release */ = {
			isa = XCBuildConfiguration;
			buildSettings = {
				ASSETCATALOG_COMPILER_APPICON_NAME = AppIcon;
				INFOPLIST_FILE = HwQA/Info.plist;
				LD_RUNPATH_SEARCH_PATHS = "$(inherited) @executable_path/Frameworks";
				PRODUCT_NAME = "$(TARGET_NAME)";
			};
			name = Release;
		};
		584BD9261BEA4A1000BCE662 /* Debug */ = {
			isa = XCBuildConfiguration;
			buildSettings = {
				BUNDLE_LOADER = "$(TEST_HOST)";
				FRAMEWORK_SEARCH_PATHS = (
					"$(SDKROOT)/Developer/Library/Frameworks",
					"$(inherited)",
				);
				GCC_PREPROCESSOR_DEFINITIONS = (
					"DEBUG=1",
					"$(inherited)",
				);
				INFOPLIST_FILE = HwQATests/Info.plist;
				LD_RUNPATH_SEARCH_PATHS = "$(inherited) @executable_path/Frameworks @loader_path/Frameworks";
				PRODUCT_NAME = "$(TARGET_NAME)";
				TEST_HOST = "$(BUILT_PRODUCTS_DIR)/HwQA.app/HwQA";
			};
			name = Debug;
		};
		584BD9271BEA4A1000BCE662 /* Release */ = {
			isa = XCBuildConfiguration;
			buildSettings = {
				BUNDLE_LOADER = "$(TEST_HOST)";
				FRAMEWORK_SEARCH_PATHS = (
					"$(SDKROOT)/Developer/Library/Frameworks",
					"$(inherited)",
				);
				INFOPLIST_FILE = HwQATests/Info.plist;
				LD_RUNPATH_SEARCH_PATHS = "$(inherited) @executable_path/Frameworks @loader_path/Frameworks";
				PRODUCT_NAME = "$(TARGET_NAME)";
				TEST_HOST = "$(BUILT_PRODUCTS_DIR)/HwQA.app/HwQA";
			};
			name = Release;
		};
/* End XCBuildConfiguration section */

/* Begin XCConfigurationList section */
		584BD8FE1BEA4A1000BCE662 /* Build configuration list for PBXProject "HwQA" */ = {
			isa = XCConfigurationList;
			buildConfigurations = (
				584BD9201BEA4A1000BCE662 /* Debug */,
				584BD9211BEA4A1000BCE662 /* Release */,
			);
			defaultConfigurationIsVisible = 0;
			defaultConfigurationName = Release;
		};
		584BD9221BEA4A1000BCE662 /* Build configuration list for PBXNativeTarget "HwQA" */ = {
			isa = XCConfigurationList;
			buildConfigurations = (
				584BD9231BEA4A1000BCE662 /* Debug */,
				584BD9241BEA4A1000BCE662 /* Release */,
			);
			defaultConfigurationIsVisible = 0;
			defaultConfigurationName = Release;
		};
		584BD9251BEA4A1000BCE662 /* Build configuration list for PBXNativeTarget "HwQATests" */ = {
			isa = XCConfigurationList;
			buildConfigurations = (
				584BD9261BEA4A1000BCE662 /* Debug */,
				584BD9271BEA4A1000BCE662 /* Release */,
			);
			defaultConfigurationIsVisible = 0;
			defaultConfigurationName = Release;
		};
/* End XCConfigurationList section */
	};
	rootObject = 584BD8FB1BEA4A1000BCE662 /* Project object */;
}
